
Microsoft Visual Studio Solution File, Format Version 12.00
# Visual Studio 15
VisualStudioVersion = 15.0.26403.0
MinimumVisualStudioVersion = 10.0.40219.1
Project("{FAE04EC0-301F-11D3-BF4B-00C04F79EFBC}") = "01. Sino The Walker", "Exam Preparation I\01. Sino The Walker.csproj", "{62EDAD9E-C6FE-48E4-A638-C37DC9143B67}"
EndProject
Project("{FAE04EC0-301F-11D3-BF4B-00C04F79EFBC}") = "02. SoftUni Karaoke", "02. SoftUni Karaoke\02. SoftUni Karaoke.csproj", "{5B97C4B7-FC6B-4663-BEA1-BF56F559D7A3}"
EndProject
Project("{FAE04EC0-301F-11D3-BF4B-00C04F79EFBC}") = "03. Endurance Rally", "03. Endurance Rally\03. Endurance Rally.csproj", "{92E050F7-4881-4F2A-9C9B-E4BC6E39114A}"
EndProject
Project("{FAE04EC0-301F-11D3-BF4B-00C04F79EFBC}") = "04. Winning Ticket", "04. Winning Ticket\04. Winning Ticket.csproj", "{0D6BB51F-50F9-43EF-A9CC-E1A54EA984A8}"
EndProject
Global
	GlobalSection(SolutionConfigurationPlatforms) = preSolution
		Debug|Any CPU = Debug|Any CPU
		Release|Any CPU = Release|Any CPU
	EndGlobalSection
	GlobalSection(ProjectConfigurationPlatforms) = postSolution
		{62EDAD9E-C6FE-48E4-A638-C37DC9143B67}.Debug|Any CPU.ActiveCfg = Debug|Any CPU
		{62EDAD9E-C6FE-48E4-A638-C37DC9143B67}.Debug|Any CPU.Build.0 = Debug|Any CPU
		{62EDAD9E-C6FE-48E4-A638-C37DC9143B67}.Release|Any CPU.ActiveCfg = Release|Any CPU
		{62EDAD9E-C6FE-48E4-A638-C37DC9143B67}.Release|Any CPU.Build.0 = Release|Any CPU
		{5B97C4B7-FC6B-4663-BEA1-BF56F559D7A3}.Debug|Any CPU.ActiveCfg = Debug|Any CPU
		{5B97C4B7-FC6B-4663-BEA1-BF56F559D7A3}.Debug|Any CPU.Build.0 = Debug|Any CPU
		{5B97C4B7-FC6B-4663-BEA1-BF56F559D7A3}.Release|Any CPU.ActiveCfg = Release|Any CPU
		{5B97C4B7-FC6B-4663-BEA1-BF56F559D7A3}.Release|Any CPU.Build.0 = Release|Any CPU
		{92E050F7-4881-4F2A-9C9B-E4BC6E39114A}.Debug|Any CPU.ActiveCfg = Debug|Any CPU
		{92E050F7-4881-4F2A-9C9B-E4BC6E39114A}.Debug|Any CPU.Build.0 = Debug|Any CPU
		{92E050F7-4881-4F2A-9C9B-E4BC6E39114A}.Release|Any CPU.ActiveCfg = Release|Any CPU
		{92E050F7-4881-4F2A-9C9B-E4BC6E39114A}.Release|Any CPU.Build.0 = Release|Any CPU
		{0D6BB51F-50F9-43EF-A9CC-E1A54EA984A8}.Debug|Any CPU.ActiveCfg = Debug|Any CPU
		{0D6BB51F-50F9-43EF-A9CC-E1A54EA984A8}.Debug|Any CPU.Build.0 = Debug|Any CPU
		{0D6BB51F-50F9-43EF-A9CC-E1A54EA984A8}.Release|Any CPU.ActiveCfg = Release|Any CPU
		{0D6BB51F-50F9-43EF-A9CC-E1A54EA984A8}.Release|Any CPU.Build.0 = Release|Any CPU
	EndGlobalSection
	GlobalSection(SolutionProperties) = preSolution
		HideSolutionNode = FALSE
	EndGlobalSection
EndGlobal
