
Microsoft Visual Studio Solution File, Format Version 12.00
# Visual Studio 15
VisualStudioVersion = 15.0.26403.0
MinimumVisualStudioVersion = 10.0.40219.1
Project("{FAE04EC0-301F-11D3-BF4B-00C04F79EFBC}") = "01. Greeting", "Hello\01. Greeting.csproj", "{C9401402-002A-45B6-A2C6-58ACE87E332D}"
EndProject
Project("{FAE04EC0-301F-11D3-BF4B-00C04F79EFBC}") = "02. Add Two Numbers", "02. Add Two Numbers\02. Add Two Numbers.csproj", "{D5FC6880-7C37-48C6-B371-1369F2EDB577}"
EndProject
Project("{FAE04EC0-301F-11D3-BF4B-00C04F79EFBC}") = "03. Employee Data", "03. Employee Data\03. Employee Data.csproj", "{D34322CC-D7D9-4BE7-A214-8580933187B0}"
EndProject
Global
	GlobalSection(SolutionConfigurationPlatforms) = preSolution
		Debug|Any CPU = Debug|Any CPU
		Release|Any CPU = Release|Any CPU
	EndGlobalSection
	GlobalSection(ProjectConfigurationPlatforms) = postSolution
		{C9401402-002A-45B6-A2C6-58ACE87E332D}.Debug|Any CPU.ActiveCfg = Debug|Any CPU
		{C9401402-002A-45B6-A2C6-58ACE87E332D}.Debug|Any CPU.Build.0 = Debug|Any CPU
		{C9401402-002A-45B6-A2C6-58ACE87E332D}.Release|Any CPU.ActiveCfg = Release|Any CPU
		{C9401402-002A-45B6-A2C6-58ACE87E332D}.Release|Any CPU.Build.0 = Release|Any CPU
		{D5FC6880-7C37-48C6-B371-1369F2EDB577}.Debug|Any CPU.ActiveCfg = Debug|Any CPU
		{D5FC6880-7C37-48C6-B371-1369F2EDB577}.Debug|Any CPU.Build.0 = Debug|Any CPU
		{D5FC6880-7C37-48C6-B371-1369F2EDB577}.Release|Any CPU.ActiveCfg = Release|Any CPU
		{D5FC6880-7C37-48C6-B371-1369F2EDB577}.Release|Any CPU.Build.0 = Release|Any CPU
		{D34322CC-D7D9-4BE7-A214-8580933187B0}.Debug|Any CPU.ActiveCfg = Debug|Any CPU
		{D34322CC-D7D9-4BE7-A214-8580933187B0}.Debug|Any CPU.Build.0 = Debug|Any CPU
		{D34322CC-D7D9-4BE7-A214-8580933187B0}.Release|Any CPU.ActiveCfg = Release|Any CPU
		{D34322CC-D7D9-4BE7-A214-8580933187B0}.Release|Any CPU.Build.0 = Release|Any CPU
	EndGlobalSection
	GlobalSection(SolutionProperties) = preSolution
		HideSolutionNode = FALSE
	EndGlobalSection
EndGlobal
