
Microsoft Visual Studio Solution File, Format Version 12.00
# Visual Studio 15
VisualStudioVersion = 15.0.26403.0
MinimumVisualStudioVersion = 10.0.40219.1
Project("{FAE04EC0-301F-11D3-BF4B-00C04F79EFBC}") = "01. Extract Emails", "01. Extract Emails\01. Extract Emails.csproj", "{49B0398B-FD5F-4CF2-A426-71032E4BF57D}"
EndProject
Project("{FAE04EC0-301F-11D3-BF4B-00C04F79EFBC}") = "02. Extract Sentences by Keyword", "02. Extract Sentences by Keyword\02. Extract Sentences by Keyword.csproj", "{C9929CEE-BE87-4466-BBBC-C39F32C40606}"
EndProject
Project("{FAE04EC0-301F-11D3-BF4B-00C04F79EFBC}") = "03. Camera View", "03. Camera View\03. Camera View.csproj", "{E1501FDF-25A6-45C0-ACC7-A78A8516B01A}"
EndProject
Project("{FAE04EC0-301F-11D3-BF4B-00C04F79EFBC}") = "04. Weather", "04. Weather\04. Weather.csproj", "{2DE03C83-6BAE-45B9-AEFF-3EF13F0F63A5}"
EndProject
Project("{FAE04EC0-301F-11D3-BF4B-00C04F79EFBC}") = "05. Key Replacer", "05. Key Replacer\05. Key Replacer.csproj", "{EEF3AEA9-C75A-40E9-A7C3-4ED1471E257B}"
EndProject
Global
	GlobalSection(SolutionConfigurationPlatforms) = preSolution
		Debug|Any CPU = Debug|Any CPU
		Release|Any CPU = Release|Any CPU
	EndGlobalSection
	GlobalSection(ProjectConfigurationPlatforms) = postSolution
		{49B0398B-FD5F-4CF2-A426-71032E4BF57D}.Debug|Any CPU.ActiveCfg = Debug|Any CPU
		{49B0398B-FD5F-4CF2-A426-71032E4BF57D}.Debug|Any CPU.Build.0 = Debug|Any CPU
		{49B0398B-FD5F-4CF2-A426-71032E4BF57D}.Release|Any CPU.ActiveCfg = Release|Any CPU
		{49B0398B-FD5F-4CF2-A426-71032E4BF57D}.Release|Any CPU.Build.0 = Release|Any CPU
		{C9929CEE-BE87-4466-BBBC-C39F32C40606}.Debug|Any CPU.ActiveCfg = Debug|Any CPU
		{C9929CEE-BE87-4466-BBBC-C39F32C40606}.Debug|Any CPU.Build.0 = Debug|Any CPU
		{C9929CEE-BE87-4466-BBBC-C39F32C40606}.Release|Any CPU.ActiveCfg = Release|Any CPU
		{C9929CEE-BE87-4466-BBBC-C39F32C40606}.Release|Any CPU.Build.0 = Release|Any CPU
		{E1501FDF-25A6-45C0-ACC7-A78A8516B01A}.Debug|Any CPU.ActiveCfg = Debug|Any CPU
		{E1501FDF-25A6-45C0-ACC7-A78A8516B01A}.Debug|Any CPU.Build.0 = Debug|Any CPU
		{E1501FDF-25A6-45C0-ACC7-A78A8516B01A}.Release|Any CPU.ActiveCfg = Release|Any CPU
		{E1501FDF-25A6-45C0-ACC7-A78A8516B01A}.Release|Any CPU.Build.0 = Release|Any CPU
		{2DE03C83-6BAE-45B9-AEFF-3EF13F0F63A5}.Debug|Any CPU.ActiveCfg = Debug|Any CPU
		{2DE03C83-6BAE-45B9-AEFF-3EF13F0F63A5}.Debug|Any CPU.Build.0 = Debug|Any CPU
		{2DE03C83-6BAE-45B9-AEFF-3EF13F0F63A5}.Release|Any CPU.ActiveCfg = Release|Any CPU
		{2DE03C83-6BAE-45B9-AEFF-3EF13F0F63A5}.Release|Any CPU.Build.0 = Release|Any CPU
		{EEF3AEA9-C75A-40E9-A7C3-4ED1471E257B}.Debug|Any CPU.ActiveCfg = Debug|Any CPU
		{EEF3AEA9-C75A-40E9-A7C3-4ED1471E257B}.Debug|Any CPU.Build.0 = Debug|Any CPU
		{EEF3AEA9-C75A-40E9-A7C3-4ED1471E257B}.Release|Any CPU.ActiveCfg = Release|Any CPU
		{EEF3AEA9-C75A-40E9-A7C3-4ED1471E257B}.Release|Any CPU.Build.0 = Release|Any CPU
	EndGlobalSection
	GlobalSection(SolutionProperties) = preSolution
		HideSolutionNode = FALSE
	EndGlobalSection
EndGlobal
