
Microsoft Visual Studio Solution File, Format Version 12.00
# Visual Studio 15
VisualStudioVersion = 15.0.26403.0
MinimumVisualStudioVersion = 10.0.40219.1
Project("{FAE04EC0-301F-11D3-BF4B-00C04F79EFBC}") = "01. Choose a Drink", "01. Choose a Drink\01. Choose a Drink.csproj", "{B522E070-105C-4CEF-AFAA-8D8947499B8B}"
EndProject
Project("{FAE04EC0-301F-11D3-BF4B-00C04F79EFBC}") = "02. Choose a Drink 2.0", "02. Choose a Drink 2.0\02. Choose a Drink 2.0.csproj", "{104BD86E-69E6-46BB-A00C-29B81BDC5A50}"
EndProject
Project("{FAE04EC0-301F-11D3-BF4B-00C04F79EFBC}") = "03. Restaurant Discount", "03. Restaurant Discount\03. Restaurant Discount.csproj", "{606ACED3-336E-4A35-A7F4-EC17299EAB98}"
EndProject
Project("{FAE04EC0-301F-11D3-BF4B-00C04F79EFBC}") = "04. Hotel", "04. Hotel\04. Hotel.csproj", "{4A6CC7E8-40EF-4009-9821-AD7F01E6FAD5}"
EndProject
Project("{FAE04EC0-301F-11D3-BF4B-00C04F79EFBC}") = "hotel2", "hotel2\hotel2.csproj", "{72F5E26D-1362-4175-8775-8331BA2E24F0}"
EndProject
Global
	GlobalSection(SolutionConfigurationPlatforms) = preSolution
		Debug|Any CPU = Debug|Any CPU
		Release|Any CPU = Release|Any CPU
	EndGlobalSection
	GlobalSection(ProjectConfigurationPlatforms) = postSolution
		{B522E070-105C-4CEF-AFAA-8D8947499B8B}.Debug|Any CPU.ActiveCfg = Debug|Any CPU
		{B522E070-105C-4CEF-AFAA-8D8947499B8B}.Debug|Any CPU.Build.0 = Debug|Any CPU
		{B522E070-105C-4CEF-AFAA-8D8947499B8B}.Release|Any CPU.ActiveCfg = Release|Any CPU
		{B522E070-105C-4CEF-AFAA-8D8947499B8B}.Release|Any CPU.Build.0 = Release|Any CPU
		{104BD86E-69E6-46BB-A00C-29B81BDC5A50}.Debug|Any CPU.ActiveCfg = Debug|Any CPU
		{104BD86E-69E6-46BB-A00C-29B81BDC5A50}.Debug|Any CPU.Build.0 = Debug|Any CPU
		{104BD86E-69E6-46BB-A00C-29B81BDC5A50}.Release|Any CPU.ActiveCfg = Release|Any CPU
		{104BD86E-69E6-46BB-A00C-29B81BDC5A50}.Release|Any CPU.Build.0 = Release|Any CPU
		{606ACED3-336E-4A35-A7F4-EC17299EAB98}.Debug|Any CPU.ActiveCfg = Debug|Any CPU
		{606ACED3-336E-4A35-A7F4-EC17299EAB98}.Debug|Any CPU.Build.0 = Debug|Any CPU
		{606ACED3-336E-4A35-A7F4-EC17299EAB98}.Release|Any CPU.ActiveCfg = Release|Any CPU
		{606ACED3-336E-4A35-A7F4-EC17299EAB98}.Release|Any CPU.Build.0 = Release|Any CPU
		{4A6CC7E8-40EF-4009-9821-AD7F01E6FAD5}.Debug|Any CPU.ActiveCfg = Debug|Any CPU
		{4A6CC7E8-40EF-4009-9821-AD7F01E6FAD5}.Debug|Any CPU.Build.0 = Debug|Any CPU
		{4A6CC7E8-40EF-4009-9821-AD7F01E6FAD5}.Release|Any CPU.ActiveCfg = Release|Any CPU
		{4A6CC7E8-40EF-4009-9821-AD7F01E6FAD5}.Release|Any CPU.Build.0 = Release|Any CPU
		{72F5E26D-1362-4175-8775-8331BA2E24F0}.Debug|Any CPU.ActiveCfg = Debug|Any CPU
		{72F5E26D-1362-4175-8775-8331BA2E24F0}.Debug|Any CPU.Build.0 = Debug|Any CPU
		{72F5E26D-1362-4175-8775-8331BA2E24F0}.Release|Any CPU.ActiveCfg = Release|Any CPU
		{72F5E26D-1362-4175-8775-8331BA2E24F0}.Release|Any CPU.Build.0 = Release|Any CPU
	EndGlobalSection
	GlobalSection(SolutionProperties) = preSolution
		HideSolutionNode = FALSE
	EndGlobalSection
EndGlobal
