
Microsoft Visual Studio Solution File, Format Version 12.00
# Visual Studio 15
VisualStudioVersion = 15.0.26403.0
MinimumVisualStudioVersion = 10.0.40219.1
Project("{FAE04EC0-301F-11D3-BF4B-00C04F79EFBC}") = "01. X", "01. X\01. X.csproj", "{DC12AB10-E9B1-4CE8-B4D4-B37C2468E4B3}"
EndProject
Project("{FAE04EC0-301F-11D3-BF4B-00C04F79EFBC}") = "02. Vapor Store", "02. Vapor Store\02. Vapor Store.csproj", "{832D802A-CDAB-44F1-8DAB-86EB6260EC00}"
EndProject
Project("{FAE04EC0-301F-11D3-BF4B-00C04F79EFBC}") = "03. Megapixels", "03. Megapixels\03. Megapixels.csproj", "{0746E1DA-6A44-454B-AD35-57459F82E2D7}"
EndProject
Project("{FAE04EC0-301F-11D3-BF4B-00C04F79EFBC}") = "04. Photo Gallery", "04. Photo Gallery\04. Photo Gallery.csproj", "{B8A91D6A-17E8-4E72-8943-60342CF9D0A9}"
EndProject
Project("{FAE04EC0-301F-11D3-BF4B-00C04F79EFBC}") = "05. BPM Counter", "05. BPM Counter\05. BPM Counter.csproj", "{1C2CAFC3-5931-4B78-9348-ADB43126800E}"
EndProject
Project("{FAE04EC0-301F-11D3-BF4B-00C04F79EFBC}") = "06. DNA Sequences", "06. DNA Sequences\06. DNA Sequences.csproj", "{D29E042E-800B-4D43-A076-42ACD7CB6AB3}"
EndProject
Project("{FAE04EC0-301F-11D3-BF4B-00C04F79EFBC}") = "07. Training Hall Equipment", "07. Training Hall Equipment\07. Training Hall Equipment.csproj", "{BFE971C1-C51E-4ED2-A86F-8FC0E293C42C}"
EndProject
Global
	GlobalSection(SolutionConfigurationPlatforms) = preSolution
		Debug|Any CPU = Debug|Any CPU
		Release|Any CPU = Release|Any CPU
	EndGlobalSection
	GlobalSection(ProjectConfigurationPlatforms) = postSolution
		{DC12AB10-E9B1-4CE8-B4D4-B37C2468E4B3}.Debug|Any CPU.ActiveCfg = Debug|Any CPU
		{DC12AB10-E9B1-4CE8-B4D4-B37C2468E4B3}.Debug|Any CPU.Build.0 = Debug|Any CPU
		{DC12AB10-E9B1-4CE8-B4D4-B37C2468E4B3}.Release|Any CPU.ActiveCfg = Release|Any CPU
		{DC12AB10-E9B1-4CE8-B4D4-B37C2468E4B3}.Release|Any CPU.Build.0 = Release|Any CPU
		{832D802A-CDAB-44F1-8DAB-86EB6260EC00}.Debug|Any CPU.ActiveCfg = Debug|Any CPU
		{832D802A-CDAB-44F1-8DAB-86EB6260EC00}.Debug|Any CPU.Build.0 = Debug|Any CPU
		{832D802A-CDAB-44F1-8DAB-86EB6260EC00}.Release|Any CPU.ActiveCfg = Release|Any CPU
		{832D802A-CDAB-44F1-8DAB-86EB6260EC00}.Release|Any CPU.Build.0 = Release|Any CPU
		{0746E1DA-6A44-454B-AD35-57459F82E2D7}.Debug|Any CPU.ActiveCfg = Debug|Any CPU
		{0746E1DA-6A44-454B-AD35-57459F82E2D7}.Debug|Any CPU.Build.0 = Debug|Any CPU
		{0746E1DA-6A44-454B-AD35-57459F82E2D7}.Release|Any CPU.ActiveCfg = Release|Any CPU
		{0746E1DA-6A44-454B-AD35-57459F82E2D7}.Release|Any CPU.Build.0 = Release|Any CPU
		{B8A91D6A-17E8-4E72-8943-60342CF9D0A9}.Debug|Any CPU.ActiveCfg = Debug|Any CPU
		{B8A91D6A-17E8-4E72-8943-60342CF9D0A9}.Debug|Any CPU.Build.0 = Debug|Any CPU
		{B8A91D6A-17E8-4E72-8943-60342CF9D0A9}.Release|Any CPU.ActiveCfg = Release|Any CPU
		{B8A91D6A-17E8-4E72-8943-60342CF9D0A9}.Release|Any CPU.Build.0 = Release|Any CPU
		{1C2CAFC3-5931-4B78-9348-ADB43126800E}.Debug|Any CPU.ActiveCfg = Debug|Any CPU
		{1C2CAFC3-5931-4B78-9348-ADB43126800E}.Debug|Any CPU.Build.0 = Debug|Any CPU
		{1C2CAFC3-5931-4B78-9348-ADB43126800E}.Release|Any CPU.ActiveCfg = Release|Any CPU
		{1C2CAFC3-5931-4B78-9348-ADB43126800E}.Release|Any CPU.Build.0 = Release|Any CPU
		{D29E042E-800B-4D43-A076-42ACD7CB6AB3}.Debug|Any CPU.ActiveCfg = Debug|Any CPU
		{D29E042E-800B-4D43-A076-42ACD7CB6AB3}.Debug|Any CPU.Build.0 = Debug|Any CPU
		{D29E042E-800B-4D43-A076-42ACD7CB6AB3}.Release|Any CPU.ActiveCfg = Release|Any CPU
		{D29E042E-800B-4D43-A076-42ACD7CB6AB3}.Release|Any CPU.Build.0 = Release|Any CPU
		{BFE971C1-C51E-4ED2-A86F-8FC0E293C42C}.Debug|Any CPU.ActiveCfg = Debug|Any CPU
		{BFE971C1-C51E-4ED2-A86F-8FC0E293C42C}.Debug|Any CPU.Build.0 = Debug|Any CPU
		{BFE971C1-C51E-4ED2-A86F-8FC0E293C42C}.Release|Any CPU.ActiveCfg = Release|Any CPU
		{BFE971C1-C51E-4ED2-A86F-8FC0E293C42C}.Release|Any CPU.Build.0 = Release|Any CPU
	EndGlobalSection
	GlobalSection(SolutionProperties) = preSolution
		HideSolutionNode = FALSE
	EndGlobalSection
EndGlobal
