
Microsoft Visual Studio Solution File, Format Version 12.00
# Visual Studio 15
VisualStudioVersion = 15.0.26403.0
MinimumVisualStudioVersion = 10.0.40219.1
Project("{FAE04EC0-301F-11D3-BF4B-00C04F79EFBC}") = "01. Charity Marathon", "01. Charity Marathon\01. Charity Marathon.csproj", "{4D52C6DE-3E58-4374-93A7-F0C0FC602F25}"
EndProject
Project("{FAE04EC0-301F-11D3-BF4B-00C04F79EFBC}") = "02. Ladybugs", "02. Ladybugs\02. Ladybugs.csproj", "{FA4D262A-B52E-468A-BB33-29196824D991}"
EndProject
Project("{FAE04EC0-301F-11D3-BF4B-00C04F79EFBC}") = "03. Nether Realms", "03. Nether Realms\03. Nether Realms.csproj", "{3B887390-2E0A-4A29-BA7E-262A25F9E2A8}"
EndProject
Project("{FAE04EC0-301F-11D3-BF4B-00C04F79EFBC}") = "04. Roli The Coder", "04. Roli The Coder\04. Roli The Coder.csproj", "{8D27FED7-50BC-4BDE-A663-984208A34B70}"
EndProject
Global
	GlobalSection(SolutionConfigurationPlatforms) = preSolution
		Debug|Any CPU = Debug|Any CPU
		Release|Any CPU = Release|Any CPU
	EndGlobalSection
	GlobalSection(ProjectConfigurationPlatforms) = postSolution
		{4D52C6DE-3E58-4374-93A7-F0C0FC602F25}.Debug|Any CPU.ActiveCfg = Debug|Any CPU
		{4D52C6DE-3E58-4374-93A7-F0C0FC602F25}.Debug|Any CPU.Build.0 = Debug|Any CPU
		{4D52C6DE-3E58-4374-93A7-F0C0FC602F25}.Release|Any CPU.ActiveCfg = Release|Any CPU
		{4D52C6DE-3E58-4374-93A7-F0C0FC602F25}.Release|Any CPU.Build.0 = Release|Any CPU
		{FA4D262A-B52E-468A-BB33-29196824D991}.Debug|Any CPU.ActiveCfg = Debug|Any CPU
		{FA4D262A-B52E-468A-BB33-29196824D991}.Debug|Any CPU.Build.0 = Debug|Any CPU
		{FA4D262A-B52E-468A-BB33-29196824D991}.Release|Any CPU.ActiveCfg = Release|Any CPU
		{FA4D262A-B52E-468A-BB33-29196824D991}.Release|Any CPU.Build.0 = Release|Any CPU
		{3B887390-2E0A-4A29-BA7E-262A25F9E2A8}.Debug|Any CPU.ActiveCfg = Debug|Any CPU
		{3B887390-2E0A-4A29-BA7E-262A25F9E2A8}.Debug|Any CPU.Build.0 = Debug|Any CPU
		{3B887390-2E0A-4A29-BA7E-262A25F9E2A8}.Release|Any CPU.ActiveCfg = Release|Any CPU
		{3B887390-2E0A-4A29-BA7E-262A25F9E2A8}.Release|Any CPU.Build.0 = Release|Any CPU
		{8D27FED7-50BC-4BDE-A663-984208A34B70}.Debug|Any CPU.ActiveCfg = Debug|Any CPU
		{8D27FED7-50BC-4BDE-A663-984208A34B70}.Debug|Any CPU.Build.0 = Debug|Any CPU
		{8D27FED7-50BC-4BDE-A663-984208A34B70}.Release|Any CPU.ActiveCfg = Release|Any CPU
		{8D27FED7-50BC-4BDE-A663-984208A34B70}.Release|Any CPU.Build.0 = Release|Any CPU
	EndGlobalSection
	GlobalSection(SolutionProperties) = preSolution
		HideSolutionNode = FALSE
	EndGlobalSection
EndGlobal
