
Microsoft Visual Studio Solution File, Format Version 12.00
# Visual Studio 15
VisualStudioVersion = 15.0.26403.0
MinimumVisualStudioVersion = 10.0.40219.1
Project("{FAE04EC0-301F-11D3-BF4B-00C04F79EFBC}") = "01. Hello, Name!", "01. Hello, Name!\01. Hello, Name!.csproj", "{03267F7C-E276-43A7-AA81-744A23CCD2A2}"
EndProject
Project("{FAE04EC0-301F-11D3-BF4B-00C04F79EFBC}") = "02. Max Method", "02. Max Method\02. Max Method.csproj", "{3B49635A-DB13-4E46-85C3-0EB11E1836D9}"
EndProject
Project("{FAE04EC0-301F-11D3-BF4B-00C04F79EFBC}") = "03. English Name of Last Digit", "03. English Name of Last Digit\03. English Name of Last Digit.csproj", "{971127CC-2463-4C08-BCED-A18B746400D1}"
EndProject
Project("{FAE04EC0-301F-11D3-BF4B-00C04F79EFBC}") = "04. Numbers in Reversed Order", "04. Numbers in Reversed Order\04. Numbers in Reversed Order.csproj", "{BCE69145-B5D6-4F8F-A734-92A3F02BD411}"
EndProject
Project("{FAE04EC0-301F-11D3-BF4B-00C04F79EFBC}") = "05. Fibonacci Numbers", "05. Fibonacci Numbers\05. Fibonacci Numbers.csproj", "{050D1336-AB42-4B18-B94D-C9BC9A29AAF7}"
EndProject
Project("{FAE04EC0-301F-11D3-BF4B-00C04F79EFBC}") = "06. Prime Checker", "06. Prime Checker\06. Prime Checker.csproj", "{6626A87D-3430-4883-9FBB-E706F3381220}"
EndProject
Global
	GlobalSection(SolutionConfigurationPlatforms) = preSolution
		Debug|Any CPU = Debug|Any CPU
		Release|Any CPU = Release|Any CPU
	EndGlobalSection
	GlobalSection(ProjectConfigurationPlatforms) = postSolution
		{03267F7C-E276-43A7-AA81-744A23CCD2A2}.Debug|Any CPU.ActiveCfg = Debug|Any CPU
		{03267F7C-E276-43A7-AA81-744A23CCD2A2}.Debug|Any CPU.Build.0 = Debug|Any CPU
		{03267F7C-E276-43A7-AA81-744A23CCD2A2}.Release|Any CPU.ActiveCfg = Release|Any CPU
		{03267F7C-E276-43A7-AA81-744A23CCD2A2}.Release|Any CPU.Build.0 = Release|Any CPU
		{3B49635A-DB13-4E46-85C3-0EB11E1836D9}.Debug|Any CPU.ActiveCfg = Debug|Any CPU
		{3B49635A-DB13-4E46-85C3-0EB11E1836D9}.Debug|Any CPU.Build.0 = Debug|Any CPU
		{3B49635A-DB13-4E46-85C3-0EB11E1836D9}.Release|Any CPU.ActiveCfg = Release|Any CPU
		{3B49635A-DB13-4E46-85C3-0EB11E1836D9}.Release|Any CPU.Build.0 = Release|Any CPU
		{971127CC-2463-4C08-BCED-A18B746400D1}.Debug|Any CPU.ActiveCfg = Debug|Any CPU
		{971127CC-2463-4C08-BCED-A18B746400D1}.Debug|Any CPU.Build.0 = Debug|Any CPU
		{971127CC-2463-4C08-BCED-A18B746400D1}.Release|Any CPU.ActiveCfg = Release|Any CPU
		{971127CC-2463-4C08-BCED-A18B746400D1}.Release|Any CPU.Build.0 = Release|Any CPU
		{BCE69145-B5D6-4F8F-A734-92A3F02BD411}.Debug|Any CPU.ActiveCfg = Debug|Any CPU
		{BCE69145-B5D6-4F8F-A734-92A3F02BD411}.Debug|Any CPU.Build.0 = Debug|Any CPU
		{BCE69145-B5D6-4F8F-A734-92A3F02BD411}.Release|Any CPU.ActiveCfg = Release|Any CPU
		{BCE69145-B5D6-4F8F-A734-92A3F02BD411}.Release|Any CPU.Build.0 = Release|Any CPU
		{050D1336-AB42-4B18-B94D-C9BC9A29AAF7}.Debug|Any CPU.ActiveCfg = Debug|Any CPU
		{050D1336-AB42-4B18-B94D-C9BC9A29AAF7}.Debug|Any CPU.Build.0 = Debug|Any CPU
		{050D1336-AB42-4B18-B94D-C9BC9A29AAF7}.Release|Any CPU.ActiveCfg = Release|Any CPU
		{050D1336-AB42-4B18-B94D-C9BC9A29AAF7}.Release|Any CPU.Build.0 = Release|Any CPU
		{6626A87D-3430-4883-9FBB-E706F3381220}.Debug|Any CPU.ActiveCfg = Debug|Any CPU
		{6626A87D-3430-4883-9FBB-E706F3381220}.Debug|Any CPU.Build.0 = Debug|Any CPU
		{6626A87D-3430-4883-9FBB-E706F3381220}.Release|Any CPU.ActiveCfg = Release|Any CPU
		{6626A87D-3430-4883-9FBB-E706F3381220}.Release|Any CPU.Build.0 = Release|Any CPU
	EndGlobalSection
	GlobalSection(SolutionProperties) = preSolution
		HideSolutionNode = FALSE
	EndGlobalSection
EndGlobal
