
Microsoft Visual Studio Solution File, Format Version 12.00
# Visual Studio 15
VisualStudioVersion = 15.0.26403.0
MinimumVisualStudioVersion = 10.0.40219.1
Project("{FAE04EC0-301F-11D3-BF4B-00C04F79EFBC}") = "01. Hello, Name!", "01. Hello, Name!\01. Hello, Name!.csproj", "{03267F7C-E276-43A7-AA81-744A23CCD2A2}"
EndProject
Project("{FAE04EC0-301F-11D3-BF4B-00C04F79EFBC}") = "02. Max Method", "02. Max Method\02. Max Method.csproj", "{3B49635A-DB13-4E46-85C3-0EB11E1836D9}"
EndProject
Project("{FAE04EC0-301F-11D3-BF4B-00C04F79EFBC}") = "03. English Name of Last Digit", "03. English Name of Last Digit\03. English Name of Last Digit.csproj", "{971127CC-2463-4C08-BCED-A18B746400D1}"
EndProject
Project("{FAE04EC0-301F-11D3-BF4B-00C04F79EFBC}") = "04. Numbers in Reversed Order", "04. Numbers in Reversed Order\04. Numbers in Reversed Order.csproj", "{BCE69145-B5D6-4F8F-A734-92A3F02BD411}"
EndProject
Project("{FAE04EC0-301F-11D3-BF4B-00C04F79EFBC}") = "05. Fibonacci Numbers", "05. Fibonacci Numbers\05. Fibonacci Numbers.csproj", "{050D1336-AB42-4B18-B94D-C9BC9A29AAF7}"
EndProject
Project("{FAE04EC0-301F-11D3-BF4B-00C04F79EFBC}") = "06. Prime Checker", "06. Prime Checker\06. Prime Checker.csproj", "{6626A87D-3430-4883-9FBB-E706F3381220}"
EndProject
Project("{FAE04EC0-301F-11D3-BF4B-00C04F79EFBC}") = "07. Primes in Given Range", "07. Primes in Given Range\07. Primes in Given Range.csproj", "{DFECA764-9AC3-4A62-8E8F-E0DBBCF1B955}"
EndProject
Project("{FAE04EC0-301F-11D3-BF4B-00C04F79EFBC}") = "08. Center Point", "08. Center Point\08. Center Point.csproj", "{9A5F7340-305B-4894-BE5D-54527549B77E}"
EndProject
Project("{FAE04EC0-301F-11D3-BF4B-00C04F79EFBC}") = "09. Longer Line", "09. Longer Line\09. Longer Line.csproj", "{1951AD2E-53BA-4F9D-A49D-AD28B5A71CCD}"
EndProject
Project("{FAE04EC0-301F-11D3-BF4B-00C04F79EFBC}") = "10. Cube Properties", "10. Cube Properties\10. Cube Properties.csproj", "{99BB03D0-3B0A-40E6-95BC-CB05E2B94B45}"
EndProject
Project("{FAE04EC0-301F-11D3-BF4B-00C04F79EFBC}") = "11. Geometry Calculator", "11. Geometry Calculator\11. Geometry Calculator.csproj", "{C9860A9E-C318-4927-80E3-6B4E106486D0}"
EndProject
Project("{FAE04EC0-301F-11D3-BF4B-00C04F79EFBC}") = "12. Master Number", "12. Master Number\12. Master Number.csproj", "{B513D10A-60E7-427A-AE5F-6596325CB8C8}"
EndProject
Project("{FAE04EC0-301F-11D3-BF4B-00C04F79EFBC}") = "13. Factorial", "13. Factorial\13. Factorial.csproj", "{F384C3BB-D0E0-478D-BEAA-0D03D12BE7DA}"
EndProject
Project("{FAE04EC0-301F-11D3-BF4B-00C04F79EFBC}") = "14. Factorial Trailing Zeroes", "14. Factorial Trailing Zeroes\14. Factorial Trailing Zeroes.csproj", "{5AE90480-2835-46B4-AA92-E5315453B906}"
EndProject
Project("{FAE04EC0-301F-11D3-BF4B-00C04F79EFBC}") = "15. Substring", "15. Substring\15. Substring.csproj", "{B2E517CB-3B23-437F-ACD7-05F41A0995B3}"
EndProject
Project("{FAE04EC0-301F-11D3-BF4B-00C04F79EFBC}") = "16.Instruction Set", "16.Instruction Set\16.Instruction Set.csproj", "{D302A4BF-4875-4E22-94A4-F74CDCCED56F}"
EndProject
Project("{FAE04EC0-301F-11D3-BF4B-00C04F79EFBC}") = "17. Be Positive", "17. Be Positive\17. Be Positive.csproj", "{1615E853-CD0A-4D21-A45A-47FDD929C349}"
EndProject
Global
	GlobalSection(SolutionConfigurationPlatforms) = preSolution
		Debug|Any CPU = Debug|Any CPU
		Release|Any CPU = Release|Any CPU
	EndGlobalSection
	GlobalSection(ProjectConfigurationPlatforms) = postSolution
		{03267F7C-E276-43A7-AA81-744A23CCD2A2}.Debug|Any CPU.ActiveCfg = Debug|Any CPU
		{03267F7C-E276-43A7-AA81-744A23CCD2A2}.Debug|Any CPU.Build.0 = Debug|Any CPU
		{03267F7C-E276-43A7-AA81-744A23CCD2A2}.Release|Any CPU.ActiveCfg = Release|Any CPU
		{03267F7C-E276-43A7-AA81-744A23CCD2A2}.Release|Any CPU.Build.0 = Release|Any CPU
		{3B49635A-DB13-4E46-85C3-0EB11E1836D9}.Debug|Any CPU.ActiveCfg = Debug|Any CPU
		{3B49635A-DB13-4E46-85C3-0EB11E1836D9}.Debug|Any CPU.Build.0 = Debug|Any CPU
		{3B49635A-DB13-4E46-85C3-0EB11E1836D9}.Release|Any CPU.ActiveCfg = Release|Any CPU
		{3B49635A-DB13-4E46-85C3-0EB11E1836D9}.Release|Any CPU.Build.0 = Release|Any CPU
		{971127CC-2463-4C08-BCED-A18B746400D1}.Debug|Any CPU.ActiveCfg = Debug|Any CPU
		{971127CC-2463-4C08-BCED-A18B746400D1}.Debug|Any CPU.Build.0 = Debug|Any CPU
		{971127CC-2463-4C08-BCED-A18B746400D1}.Release|Any CPU.ActiveCfg = Release|Any CPU
		{971127CC-2463-4C08-BCED-A18B746400D1}.Release|Any CPU.Build.0 = Release|Any CPU
		{BCE69145-B5D6-4F8F-A734-92A3F02BD411}.Debug|Any CPU.ActiveCfg = Debug|Any CPU
		{BCE69145-B5D6-4F8F-A734-92A3F02BD411}.Debug|Any CPU.Build.0 = Debug|Any CPU
		{BCE69145-B5D6-4F8F-A734-92A3F02BD411}.Release|Any CPU.ActiveCfg = Release|Any CPU
		{BCE69145-B5D6-4F8F-A734-92A3F02BD411}.Release|Any CPU.Build.0 = Release|Any CPU
		{050D1336-AB42-4B18-B94D-C9BC9A29AAF7}.Debug|Any CPU.ActiveCfg = Debug|Any CPU
		{050D1336-AB42-4B18-B94D-C9BC9A29AAF7}.Debug|Any CPU.Build.0 = Debug|Any CPU
		{050D1336-AB42-4B18-B94D-C9BC9A29AAF7}.Release|Any CPU.ActiveCfg = Release|Any CPU
		{050D1336-AB42-4B18-B94D-C9BC9A29AAF7}.Release|Any CPU.Build.0 = Release|Any CPU
		{6626A87D-3430-4883-9FBB-E706F3381220}.Debug|Any CPU.ActiveCfg = Debug|Any CPU
		{6626A87D-3430-4883-9FBB-E706F3381220}.Debug|Any CPU.Build.0 = Debug|Any CPU
		{6626A87D-3430-4883-9FBB-E706F3381220}.Release|Any CPU.ActiveCfg = Release|Any CPU
		{6626A87D-3430-4883-9FBB-E706F3381220}.Release|Any CPU.Build.0 = Release|Any CPU
		{DFECA764-9AC3-4A62-8E8F-E0DBBCF1B955}.Debug|Any CPU.ActiveCfg = Debug|Any CPU
		{DFECA764-9AC3-4A62-8E8F-E0DBBCF1B955}.Debug|Any CPU.Build.0 = Debug|Any CPU
		{DFECA764-9AC3-4A62-8E8F-E0DBBCF1B955}.Release|Any CPU.ActiveCfg = Release|Any CPU
		{DFECA764-9AC3-4A62-8E8F-E0DBBCF1B955}.Release|Any CPU.Build.0 = Release|Any CPU
		{9A5F7340-305B-4894-BE5D-54527549B77E}.Debug|Any CPU.ActiveCfg = Debug|Any CPU
		{9A5F7340-305B-4894-BE5D-54527549B77E}.Debug|Any CPU.Build.0 = Debug|Any CPU
		{9A5F7340-305B-4894-BE5D-54527549B77E}.Release|Any CPU.ActiveCfg = Release|Any CPU
		{9A5F7340-305B-4894-BE5D-54527549B77E}.Release|Any CPU.Build.0 = Release|Any CPU
		{1951AD2E-53BA-4F9D-A49D-AD28B5A71CCD}.Debug|Any CPU.ActiveCfg = Debug|Any CPU
		{1951AD2E-53BA-4F9D-A49D-AD28B5A71CCD}.Debug|Any CPU.Build.0 = Debug|Any CPU
		{1951AD2E-53BA-4F9D-A49D-AD28B5A71CCD}.Release|Any CPU.ActiveCfg = Release|Any CPU
		{1951AD2E-53BA-4F9D-A49D-AD28B5A71CCD}.Release|Any CPU.Build.0 = Release|Any CPU
		{99BB03D0-3B0A-40E6-95BC-CB05E2B94B45}.Debug|Any CPU.ActiveCfg = Debug|Any CPU
		{99BB03D0-3B0A-40E6-95BC-CB05E2B94B45}.Debug|Any CPU.Build.0 = Debug|Any CPU
		{99BB03D0-3B0A-40E6-95BC-CB05E2B94B45}.Release|Any CPU.ActiveCfg = Release|Any CPU
		{99BB03D0-3B0A-40E6-95BC-CB05E2B94B45}.Release|Any CPU.Build.0 = Release|Any CPU
		{C9860A9E-C318-4927-80E3-6B4E106486D0}.Debug|Any CPU.ActiveCfg = Debug|Any CPU
		{C9860A9E-C318-4927-80E3-6B4E106486D0}.Debug|Any CPU.Build.0 = Debug|Any CPU
		{C9860A9E-C318-4927-80E3-6B4E106486D0}.Release|Any CPU.ActiveCfg = Release|Any CPU
		{C9860A9E-C318-4927-80E3-6B4E106486D0}.Release|Any CPU.Build.0 = Release|Any CPU
		{B513D10A-60E7-427A-AE5F-6596325CB8C8}.Debug|Any CPU.ActiveCfg = Debug|Any CPU
		{B513D10A-60E7-427A-AE5F-6596325CB8C8}.Debug|Any CPU.Build.0 = Debug|Any CPU
		{B513D10A-60E7-427A-AE5F-6596325CB8C8}.Release|Any CPU.ActiveCfg = Release|Any CPU
		{B513D10A-60E7-427A-AE5F-6596325CB8C8}.Release|Any CPU.Build.0 = Release|Any CPU
		{F384C3BB-D0E0-478D-BEAA-0D03D12BE7DA}.Debug|Any CPU.ActiveCfg = Debug|Any CPU
		{F384C3BB-D0E0-478D-BEAA-0D03D12BE7DA}.Debug|Any CPU.Build.0 = Debug|Any CPU
		{F384C3BB-D0E0-478D-BEAA-0D03D12BE7DA}.Release|Any CPU.ActiveCfg = Release|Any CPU
		{F384C3BB-D0E0-478D-BEAA-0D03D12BE7DA}.Release|Any CPU.Build.0 = Release|Any CPU
		{5AE90480-2835-46B4-AA92-E5315453B906}.Debug|Any CPU.ActiveCfg = Debug|Any CPU
		{5AE90480-2835-46B4-AA92-E5315453B906}.Debug|Any CPU.Build.0 = Debug|Any CPU
		{5AE90480-2835-46B4-AA92-E5315453B906}.Release|Any CPU.ActiveCfg = Release|Any CPU
		{5AE90480-2835-46B4-AA92-E5315453B906}.Release|Any CPU.Build.0 = Release|Any CPU
		{B2E517CB-3B23-437F-ACD7-05F41A0995B3}.Debug|Any CPU.ActiveCfg = Debug|Any CPU
		{B2E517CB-3B23-437F-ACD7-05F41A0995B3}.Debug|Any CPU.Build.0 = Debug|Any CPU
		{B2E517CB-3B23-437F-ACD7-05F41A0995B3}.Release|Any CPU.ActiveCfg = Release|Any CPU
		{B2E517CB-3B23-437F-ACD7-05F41A0995B3}.Release|Any CPU.Build.0 = Release|Any CPU
		{D302A4BF-4875-4E22-94A4-F74CDCCED56F}.Debug|Any CPU.ActiveCfg = Debug|Any CPU
		{D302A4BF-4875-4E22-94A4-F74CDCCED56F}.Debug|Any CPU.Build.0 = Debug|Any CPU
		{D302A4BF-4875-4E22-94A4-F74CDCCED56F}.Release|Any CPU.ActiveCfg = Release|Any CPU
		{D302A4BF-4875-4E22-94A4-F74CDCCED56F}.Release|Any CPU.Build.0 = Release|Any CPU
		{1615E853-CD0A-4D21-A45A-47FDD929C349}.Debug|Any CPU.ActiveCfg = Debug|Any CPU
		{1615E853-CD0A-4D21-A45A-47FDD929C349}.Debug|Any CPU.Build.0 = Debug|Any CPU
		{1615E853-CD0A-4D21-A45A-47FDD929C349}.Release|Any CPU.ActiveCfg = Release|Any CPU
		{1615E853-CD0A-4D21-A45A-47FDD929C349}.Release|Any CPU.Build.0 = Release|Any CPU
	EndGlobalSection
	GlobalSection(SolutionProperties) = preSolution
		HideSolutionNode = FALSE
	EndGlobalSection
EndGlobal
