
Microsoft Visual Studio Solution File, Format Version 12.00
# Visual Studio 15
VisualStudioVersion = 15.0.26403.0
MinimumVisualStudioVersion = 10.0.40219.1
Project("{FAE04EC0-301F-11D3-BF4B-00C04F79EFBC}") = "01. Phonebook", "01. Phonebook\01. Phonebook.csproj", "{38609997-FEA8-463E-83CB-FC83457ACCE0}"
EndProject
Project("{FAE04EC0-301F-11D3-BF4B-00C04F79EFBC}") = "02. Phonebook Upgrade", "02. Phonebook Upgrade\02. Phonebook Upgrade.csproj", "{5671C02E-EDCB-4857-A44B-DC3E461A41D8}"
EndProject
Project("{FAE04EC0-301F-11D3-BF4B-00C04F79EFBC}") = "03. A Miner Task", "03. A Miner Task\03. A Miner Task.csproj", "{7A295A35-E12F-4020-9D38-33E5169D9B69}"
EndProject
Project("{FAE04EC0-301F-11D3-BF4B-00C04F79EFBC}") = "04. Fix Emails", "04. Fix Emails\04. Fix Emails.csproj", "{74090AF5-2CFD-474C-A465-5028D857064D}"
EndProject
Project("{FAE04EC0-301F-11D3-BF4B-00C04F79EFBC}") = "05. Hands of Cards", "05. Hands of Cards\05. Hands of Cards.csproj", "{2CBC4225-EE71-445D-9182-C4108AF29CCF}"
EndProject
Project("{FAE04EC0-301F-11D3-BF4B-00C04F79EFBC}") = "06. User Logs", "06. User Logs\06. User Logs.csproj", "{B79F8D52-5E19-4AB5-89DB-249E33651616}"
EndProject
Project("{FAE04EC0-301F-11D3-BF4B-00C04F79EFBC}") = "07. Population Counter", "07. Population Counter\07. Population Counter.csproj", "{7DA1B40A-C714-4B3C-9F30-BFA3EC670A8A}"
EndProject
Global
	GlobalSection(SolutionConfigurationPlatforms) = preSolution
		Debug|Any CPU = Debug|Any CPU
		Release|Any CPU = Release|Any CPU
	EndGlobalSection
	GlobalSection(ProjectConfigurationPlatforms) = postSolution
		{38609997-FEA8-463E-83CB-FC83457ACCE0}.Debug|Any CPU.ActiveCfg = Debug|Any CPU
		{38609997-FEA8-463E-83CB-FC83457ACCE0}.Debug|Any CPU.Build.0 = Debug|Any CPU
		{38609997-FEA8-463E-83CB-FC83457ACCE0}.Release|Any CPU.ActiveCfg = Release|Any CPU
		{38609997-FEA8-463E-83CB-FC83457ACCE0}.Release|Any CPU.Build.0 = Release|Any CPU
		{5671C02E-EDCB-4857-A44B-DC3E461A41D8}.Debug|Any CPU.ActiveCfg = Debug|Any CPU
		{5671C02E-EDCB-4857-A44B-DC3E461A41D8}.Debug|Any CPU.Build.0 = Debug|Any CPU
		{5671C02E-EDCB-4857-A44B-DC3E461A41D8}.Release|Any CPU.ActiveCfg = Release|Any CPU
		{5671C02E-EDCB-4857-A44B-DC3E461A41D8}.Release|Any CPU.Build.0 = Release|Any CPU
		{7A295A35-E12F-4020-9D38-33E5169D9B69}.Debug|Any CPU.ActiveCfg = Debug|Any CPU
		{7A295A35-E12F-4020-9D38-33E5169D9B69}.Debug|Any CPU.Build.0 = Debug|Any CPU
		{7A295A35-E12F-4020-9D38-33E5169D9B69}.Release|Any CPU.ActiveCfg = Release|Any CPU
		{7A295A35-E12F-4020-9D38-33E5169D9B69}.Release|Any CPU.Build.0 = Release|Any CPU
		{74090AF5-2CFD-474C-A465-5028D857064D}.Debug|Any CPU.ActiveCfg = Debug|Any CPU
		{74090AF5-2CFD-474C-A465-5028D857064D}.Debug|Any CPU.Build.0 = Debug|Any CPU
		{74090AF5-2CFD-474C-A465-5028D857064D}.Release|Any CPU.ActiveCfg = Release|Any CPU
		{74090AF5-2CFD-474C-A465-5028D857064D}.Release|Any CPU.Build.0 = Release|Any CPU
		{2CBC4225-EE71-445D-9182-C4108AF29CCF}.Debug|Any CPU.ActiveCfg = Debug|Any CPU
		{2CBC4225-EE71-445D-9182-C4108AF29CCF}.Debug|Any CPU.Build.0 = Debug|Any CPU
		{2CBC4225-EE71-445D-9182-C4108AF29CCF}.Release|Any CPU.ActiveCfg = Release|Any CPU
		{2CBC4225-EE71-445D-9182-C4108AF29CCF}.Release|Any CPU.Build.0 = Release|Any CPU
		{B79F8D52-5E19-4AB5-89DB-249E33651616}.Debug|Any CPU.ActiveCfg = Debug|Any CPU
		{B79F8D52-5E19-4AB5-89DB-249E33651616}.Debug|Any CPU.Build.0 = Debug|Any CPU
		{B79F8D52-5E19-4AB5-89DB-249E33651616}.Release|Any CPU.ActiveCfg = Release|Any CPU
		{B79F8D52-5E19-4AB5-89DB-249E33651616}.Release|Any CPU.Build.0 = Release|Any CPU
		{7DA1B40A-C714-4B3C-9F30-BFA3EC670A8A}.Debug|Any CPU.ActiveCfg = Debug|Any CPU
		{7DA1B40A-C714-4B3C-9F30-BFA3EC670A8A}.Debug|Any CPU.Build.0 = Debug|Any CPU
		{7DA1B40A-C714-4B3C-9F30-BFA3EC670A8A}.Release|Any CPU.ActiveCfg = Release|Any CPU
		{7DA1B40A-C714-4B3C-9F30-BFA3EC670A8A}.Release|Any CPU.Build.0 = Release|Any CPU
	EndGlobalSection
	GlobalSection(SolutionProperties) = preSolution
		HideSolutionNode = FALSE
	EndGlobalSection
EndGlobal
